dependencies:
- name: loki
  repository: https://grafana.github.io/helm-charts
  version: 2.16.0
- name: promtail
  repository: https://grafana.github.io/helm-charts
  version: 6.17.0
- name: fluent-bit
  repository: https://grafana.github.io/helm-charts
  version: 2.6.0
- name: grafana
  repository: https://grafana.github.io/helm-charts
  version: 6.43.5
- name: prometheus
  repository: https://prometheus-community.github.io/helm-charts
  version: 19.7.2
- name: logstash
  repository: https://helm.elastic.co
  version: 7.17.3
digest: sha256:a50657dc337b2a81f0d68ebe23d628fb3af70b6df0426f7b2a46bd8fc0c9dae7
generated: "2025-10-04T22:23:47.807524141+04:00"
